{
  "version": 4,
  "terraform_version": "1.9.5",
  "serial": 34,
  "lineage": "84f6968c-4f7a-c94a-54d1-f62de1dd3d87",
  "outputs": {
    "thumbprint_hash": {
      "value": "9e99a48a9960b14926bb7f3b02e22da2b0ab7280",
      "type": "string"
    }
  },
  "resources": [
    {
      "mode": "managed",
      "type": "aws_eks_cluster",
      "name": "eks",
      "provider": "provider[\"registry.terraform.io/hashicorp/aws\"]",
      "instances": [
        {
          "schema_version": 0,
          "attributes": {
            "arn": "arn:aws:eks:us-east-1:851725475208:cluster/eks_cluster",
            "certificate_authority": [
              {
                "data": "LS0tLS1CRUdJTiBDRVJUSUZJQ0FURS0tLS0tCk1JSUMvakNDQWVhZ0F3SUJBZ0lCQURBTkJna3Foa2lHOXcwQkFRc0ZBREFWTVJNd0VRWURWUVFERXdwcmRXSmwKY201bGRHVnpNQjRYRFRJME1UQXdOakEzTURJME9Wb1hEVE0wTVRBd05EQTNNREkwT1Zvd0ZURVRNQkVHQTFVRQpBeE1LYTNWaVpYSnVaWFJsY3pDQ0FTSXdEUVlKS29aSWh2Y05BUUVCQlFBRGdnRVBBRENDQVFvQ2dnRUJBTStqCjc3SzlCQ3NNRnM3QzRHcnhxYVJhU1lTSmVpWmFyOTloaXZadDBLR1M3NnNUYzV1T3VVbDFHZmlQRWJKYlhMbHYKOE5kZklycEo4R1NCdEJWVGF0MUsxRUhDQ1RhaktqWWd3QmZLR1BMYXN4a1pveGJEMzAvNFBQVGhUT3Juc1N1WApIblRZMlUwc2lBL2luZVkxb0JJdU1Zc1ZpdGdpS3ZFUDZ5OUowcVY0MDlSMFpzUmp5MW9ya3hPc1BBaCtDdUE1CmhLL0duVlFxRHlkYjkrcjhoaFIxb25VTDhIb2YyTjIzMlVxYjdZL0YwZEpWTzJneHlSSmJEdFNQdk5nQmhKdnIKZFpjTW1oelJmMjNXODlKWjl2SUJrOEpaZGR1NzYra2xtSUZlZG9hOEN0MGUwZGpHeVo2TW9ldDB0VE9XRmJoaQovVW9yN3VCZnBEK0pDTVJJTXBVQ0F3RUFBYU5aTUZjd0RnWURWUjBQQVFIL0JBUURBZ0trTUE4R0ExVWRFd0VCCi93UUZNQU1CQWY4d0hRWURWUjBPQkJZRUZPUXJNdU9tb3lrRTZMb3A2NC9nQmhkV1N2VmFNQlVHQTFVZEVRUU8KTUF5Q0NtdDFZbVZ5Ym1WMFpYTXdEUVlKS29aSWh2Y05BUUVMQlFBRGdnRUJBQ1NUc0dxRmJKSHNETW5oZWUrUgp0dlZ1U1phRlNaNEw0N2tLR1MrTlJxazgwYjVrUUhHa0t5YmhVY1NHZkFpQkRCZjRQWVNNQ1RhRDlySkxmaGx2CnZhWlZndDNtNCs1T1Vxb0lGaVo4T1AyUTcydUxwa3pVMHY3UW11K08xQWhwU3RrOG91MkdQeDJqbmJSRVpzVzUKSWpMSUQzNHdZSmVaMzNTd21UK0lqNVUvd3hQbFVGZDNEMmJ0Rkt2TlY0S2JpVHhPT0NDQ0JFdXp6SkFoY0xCWQpjcHRXVTdKQUtQU2lpcng5WHI4OUpGN05XWkRPc3psalhiaXFuWS9uVzZiSTdpOGdLUnhEeEN1WE5WOG9iek5FCis4VFdZQUVvOEZTMGxGclBzdVZTUTZENjJrSzAwejRiekdIUms0TWc2SUJPQkpMQ0t2QXQzU1VhbTU1ZGxOZnMKWVY0PQotLS0tLUVORCBDRVJUSUZJQ0FURS0tLS0tCg=="
              }
            ],
            "cluster_id": null,
            "created_at": "2024-10-06 06:57:25.506 +0000 UTC",
            "enabled_cluster_log_types": [],
            "encryption_config": [],
            "endpoint": "https://3236C1E8B219C3ECDF9F84B4CC8E7807.gr7.us-east-1.eks.amazonaws.com",
            "id": "eks_cluster",
            "identity": [
              {
                "oidc": [
                  {
                    "issuer": "https://oidc.eks.us-east-1.amazonaws.com/id/3236C1E8B219C3ECDF9F84B4CC8E7807"
                  }
                ]
              }
            ],
            "kubernetes_network_config": [
              {
                "ip_family": "ipv4",
                "service_ipv4_cidr": "172.20.0.0/16",
                "service_ipv6_cidr": ""
              }
            ],
            "name": "eks_cluster",
            "outpost_config": [],
            "platform_version": "eks.28",
            "role_arn": "arn:aws:iam::851725475208:role/2560-dev-sock-shop-app-control-plane-role",
            "status": "ACTIVE",
            "tags": {},
            "tags_all": {},
            "timeouts": null,
            "version": "1.27",
            "vpc_config": [
              {
                "cluster_security_group_id": "sg-0624aa804c262c8d1",
                "endpoint_private_access": false,
                "endpoint_public_access": true,
                "public_access_cidrs": [
                  "0.0.0.0/0"
                ],
                "security_group_ids": [],
                "subnet_ids": [
                  "subnet-0c2f3df47741b1ca2",
                  "subnet-0d94b09509b8c865b"
                ],
                "vpc_id": "vpc-07a940a5569c89d4e"
              }
            ]
          },
          "sensitive_attributes": [],
          "private": "eyJlMmJmYjczMC1lY2FhLTExZTYtOGY4OC0zNDM2M2JjN2M0YzAiOnsiY3JlYXRlIjoxODAwMDAwMDAwMDAwLCJkZWxldGUiOjkwMDAwMDAwMDAwMCwidXBkYXRlIjozNjAwMDAwMDAwMDAwfX0=",
          "dependencies": [
            "aws_iam_role.eks_cluster",
            "aws_iam_role_policy_attachment.amazon_eks_cluster_policy"
          ]
        }
      ]
    },
    {
      "mode": "managed",
      "type": "aws_iam_openid_connect_provider",
      "name": "example",
      "provider": "provider[\"registry.terraform.io/hashicorp/aws\"]",
      "instances": [
        {
          "schema_version": 0,
          "attributes": {
            "arn": "arn:aws:iam::851725475208:oidc-provider/oidc.eks.us-east-1.amazonaws.com/id/3236C1E8B219C3ECDF9F84B4CC8E7807",
            "client_id_list": [
              "sts.amazonaws.com"
            ],
            "id": "arn:aws:iam::851725475208:oidc-provider/oidc.eks.us-east-1.amazonaws.com/id/3236C1E8B219C3ECDF9F84B4CC8E7807",
            "tags": {
              "Name": "2560-dev-sock-shop-app-openid-connect-provider",
              "cloud_provider": "aws",
              "create_by": "Terraform",
              "environment": "dev",
              "id": "2560",
              "owner": "Rayca Precision",
              "project": "sock-shop-app"
            },
            "tags_all": {
              "Name": "2560-dev-sock-shop-app-openid-connect-provider",
              "cloud_provider": "aws",
              "create_by": "Terraform",
              "environment": "dev",
              "id": "2560",
              "owner": "Rayca Precision",
              "project": "sock-shop-app"
            },
            "thumbprint_list": [
              "9e99a48a9960b14926bb7f3b02e22da2b0ab7280"
            ],
            "url": "oidc.eks.us-east-1.amazonaws.com/id/3236C1E8B219C3ECDF9F84B4CC8E7807"
          },
          "sensitive_attributes": [],
          "private": "bnVsbA==",
          "dependencies": [
            "aws_eks_cluster.eks",
            "aws_iam_role.eks_cluster",
            "aws_iam_role_policy_attachment.amazon_eks_cluster_policy",
            "data.tls_certificate.example"
          ]
        }
      ]
    },
    {
      "mode": "managed",
      "type": "aws_iam_role",
      "name": "eks_cluster",
      "provider": "provider[\"registry.terraform.io/hashicorp/aws\"]",
      "instances": [
        {
          "schema_version": 0,
          "attributes": {
            "arn": "arn:aws:iam::851725475208:role/2560-dev-sock-shop-app-control-plane-role",
            "assume_role_policy": "{\"Statement\":[{\"Action\":\"sts:AssumeRole\",\"Effect\":\"Allow\",\"Principal\":{\"Service\":\"eks.amazonaws.com\"}}],\"Version\":\"2012-10-17\"}",
            "create_date": "2024-10-06T06:57:23Z",
            "description": "",
            "force_detach_policies": false,
            "id": "2560-dev-sock-shop-app-control-plane-role",
            "inline_policy": [],
            "managed_policy_arns": [
              "arn:aws:iam::aws:policy/AmazonEKSClusterPolicy"
            ],
            "max_session_duration": 3600,
            "name": "2560-dev-sock-shop-app-control-plane-role",
            "name_prefix": "",
            "path": "/",
            "permissions_boundary": null,
            "role_last_used": [
              {
                "last_used_date": "2024-10-06T07:03:48Z",
                "region": "us-east-1"
              }
            ],
            "tags": {},
            "tags_all": {},
            "unique_id": "AROA4MTWLLWENMB5VDGC2"
          },
          "sensitive_attributes": [],
          "private": "bnVsbA=="
        }
      ]
    },
    {
      "mode": "managed",
      "type": "aws_iam_role",
      "name": "nodes",
      "provider": "provider[\"registry.terraform.io/hashicorp/aws\"]",
      "instances": [
        {
          "schema_version": 0,
          "attributes": {
            "arn": "arn:aws:iam::851725475208:role/2560-dev-sock-shop-app-blue-green-node-group-role",
            "assume_role_policy": "{\"Statement\":[{\"Action\":\"sts:AssumeRole\",\"Effect\":\"Allow\",\"Principal\":{\"Service\":\"ec2.amazonaws.com\"}}],\"Version\":\"2012-10-17\"}",
            "create_date": "2024-10-06T06:55:06Z",
            "description": "",
            "force_detach_policies": false,
            "id": "2560-dev-sock-shop-app-blue-green-node-group-role",
            "inline_policy": [
              {
                "name": "2560-dev-sock-shop-app-blue-green-cluster-auto-scaler-policy",
                "policy": "{\"Version\":\"2012-10-17\",\"Statement\":[{\"Action\":[\"autoscaling:DescribeAutoScalingGroups\",\"autoscaling:DescribeAutoScalingInstances\",\"autoscaling:DescribeLaunchConfigurations\",\"autoscaling:DescribeTags\",\"autoscaling:SetDesiredCapacity\",\"autoscaling:TerminateInstanceInAutoScalingGroup\",\"ec2:DescribeLaunchTemplateVersions\"],\"Effect\":\"Allow\",\"Resource\":\"*\"}]}"
              },
              {
                "name": "2560-dev-sock-shop-app-blue-green-external-dns-policy",
                "policy": "{\"Version\":\"2012-10-17\",\"Statement\":[{\"Action\":[\"route53:ChangeResourceRecordSets\"],\"Effect\":\"Allow\",\"Resource\":[\"arn:aws:route53:::hostedzone/*\"]},{\"Action\":[\"route53:ListHostedZones\",\"route53:ListResourceRecordSets\"],\"Effect\":\"Allow\",\"Resource\":[\"*\"]}]}"
              }
            ],
            "managed_policy_arns": [
              "arn:aws:iam::aws:policy/AmazonEC2ContainerRegistryReadOnly",
              "arn:aws:iam::aws:policy/AmazonEKSWorkerNodePolicy",
              "arn:aws:iam::aws:policy/AmazonEKS_CNI_Policy"
            ],
            "max_session_duration": 3600,
            "name": "2560-dev-sock-shop-app-blue-green-node-group-role",
            "name_prefix": "",
            "path": "/",
            "permissions_boundary": null,
            "role_last_used": [
              {
                "last_used_date": "",
                "region": ""
              }
            ],
            "tags": {},
            "tags_all": {},
            "unique_id": "AROA4MTWLLWEM3UWEBZDG"
          },
          "sensitive_attributes": [],
          "private": "bnVsbA=="
        }
      ]
    },
    {
      "mode": "managed",
      "type": "aws_iam_role_policy",
      "name": "external_dns_policy",
      "provider": "provider[\"registry.terraform.io/hashicorp/aws\"]",
      "instances": [
        {
          "schema_version": 0,
          "attributes": {
            "id": "2560-dev-sock-shop-app-blue-green-node-group-role:2560-dev-sock-shop-app-blue-green-external-dns-policy",
            "name": "2560-dev-sock-shop-app-blue-green-external-dns-policy",
            "name_prefix": null,
            "policy": "{\"Version\":\"2012-10-17\",\"Statement\":[{\"Action\":[\"route53:ChangeResourceRecordSets\"],\"Effect\":\"Allow\",\"Resource\":[\"arn:aws:route53:::hostedzone/*\"]},{\"Action\":[\"route53:ListHostedZones\",\"route53:ListResourceRecordSets\"],\"Effect\":\"Allow\",\"Resource\":[\"*\"]}]}",
            "role": "2560-dev-sock-shop-app-blue-green-node-group-role"
          },
          "sensitive_attributes": [],
          "private": "bnVsbA==",
          "dependencies": [
            "aws_iam_role.nodes"
          ]
        }
      ]
    },
    {
      "mode": "managed",
      "type": "aws_iam_role_policy",
      "name": "node-group-ClusterAutoscalerPolicy",
      "provider": "provider[\"registry.terraform.io/hashicorp/aws\"]",
      "instances": [
        {
          "schema_version": 0,
          "attributes": {
            "id": "2560-dev-sock-shop-app-blue-green-node-group-role:2560-dev-sock-shop-app-blue-green-cluster-auto-scaler-policy",
            "name": "2560-dev-sock-shop-app-blue-green-cluster-auto-scaler-policy",
            "name_prefix": null,
            "policy": "{\"Version\":\"2012-10-17\",\"Statement\":[{\"Action\":[\"autoscaling:DescribeAutoScalingGroups\",\"autoscaling:DescribeAutoScalingInstances\",\"autoscaling:DescribeLaunchConfigurations\",\"autoscaling:DescribeTags\",\"autoscaling:SetDesiredCapacity\",\"autoscaling:TerminateInstanceInAutoScalingGroup\",\"ec2:DescribeLaunchTemplateVersions\"],\"Effect\":\"Allow\",\"Resource\":\"*\"}]}",
            "role": "2560-dev-sock-shop-app-blue-green-node-group-role"
          },
          "sensitive_attributes": [],
          "private": "bnVsbA==",
          "dependencies": [
            "aws_iam_role.nodes"
          ]
        }
      ]
    },
    {
      "mode": "managed",
      "type": "aws_iam_role_policy_attachment",
      "name": "amazon_eks_cluster_policy",
      "provider": "provider[\"registry.terraform.io/hashicorp/aws\"]",
      "instances": [
        {
          "schema_version": 0,
          "attributes": {
            "id": "2560-dev-sock-shop-app-control-plane-role-20241006065723036100000004",
            "policy_arn": "arn:aws:iam::aws:policy/AmazonEKSClusterPolicy",
            "role": "2560-dev-sock-shop-app-control-plane-role"
          },
          "sensitive_attributes": [],
          "private": "bnVsbA==",
          "dependencies": [
            "aws_iam_role.eks_cluster"
          ]
        }
      ]
    },
    {
      "mode": "managed",
      "type": "aws_iam_role_policy_attachment",
      "name": "nodes-AmazonEC2ContainerRegistryReadOnly",
      "provider": "provider[\"registry.terraform.io/hashicorp/aws\"]",
      "instances": [
        {
          "schema_version": 0,
          "attributes": {
            "id": "2560-dev-sock-shop-app-blue-green-node-group-role-20241006065506414500000001",
            "policy_arn": "arn:aws:iam::aws:policy/AmazonEC2ContainerRegistryReadOnly",
            "role": "2560-dev-sock-shop-app-blue-green-node-group-role"
          },
          "sensitive_attributes": [],
          "private": "bnVsbA==",
          "dependencies": [
            "aws_iam_role.nodes"
          ]
        }
      ]
    },
    {
      "mode": "managed",
      "type": "aws_iam_role_policy_attachment",
      "name": "nodes-AmazonEKSWorkerNodePolicy",
      "provider": "provider[\"registry.terraform.io/hashicorp/aws\"]",
      "instances": [
        {
          "schema_version": 0,
          "attributes": {
            "id": "2560-dev-sock-shop-app-blue-green-node-group-role-20241006065506597600000003",
            "policy_arn": "arn:aws:iam::aws:policy/AmazonEKSWorkerNodePolicy",
            "role": "2560-dev-sock-shop-app-blue-green-node-group-role"
          },
          "sensitive_attributes": [],
          "private": "bnVsbA==",
          "dependencies": [
            "aws_iam_role.nodes"
          ]
        }
      ]
    },
    {
      "mode": "managed",
      "type": "aws_iam_role_policy_attachment",
      "name": "nodes-AmazonEKS_CNI_Policy",
      "provider": "provider[\"registry.terraform.io/hashicorp/aws\"]",
      "instances": [
        {
          "schema_version": 0,
          "attributes": {
            "id": "2560-dev-sock-shop-app-blue-green-node-group-role-20241006065506517900000002",
            "policy_arn": "arn:aws:iam::aws:policy/AmazonEKS_CNI_Policy",
            "role": "2560-dev-sock-shop-app-blue-green-node-group-role"
          },
          "sensitive_attributes": [],
          "private": "bnVsbA==",
          "dependencies": [
            "aws_iam_role.nodes"
          ]
        }
      ]
    }
  ],
  "check_results": null
}
